Microsoft Visual Studio Solution File, Format Version 11.00
# Visual Studio 2010
Project("{8BC9CEB8-8B4A-11D0-8D11-00A0C91BC942}") = "ALL_BUILD", "ALL_BUILD.vcxproj", "{680AA857-5A80-3AA0-AF18-0AE0AB4D464A}"
	ProjectSection(ProjectDependencies) = postProject
		{B6FA23E7-5A89-3C6C-9A9E-F9715D245A22} = {B6FA23E7-5A89-3C6C-9A9E-F9715D245A22}
		{2DD25317-2019-3A71-83B6-00943D6C9863} = {2DD25317-2019-3A71-83B6-00943D6C9863}
		{E9E96558-1DCA-378B-A0C9-34D3B41EA2A8} = {E9E96558-1DCA-378B-A0C9-34D3B41EA2A8}
		{9F8247E6-CBCB-34F7-9353-31B7D47BC130} = {9F8247E6-CBCB-34F7-9353-31B7D47BC130}
		{62776F8F-9584-3EB0-BC82-BEAFA02E4043} = {62776F8F-9584-3EB0-BC82-BEAFA02E4043}
		{377C20BC-E702-3D01-BF82-216828F72F5A} = {377C20BC-E702-3D01-BF82-216828F72F5A}
		{6C4687C6-F78C-3C3E-A493-4FE86CF537CF} = {6C4687C6-F78C-3C3E-A493-4FE86CF537CF}
		{470663DA-DB5E-3789-919E-FE272273CA2E} = {470663DA-DB5E-3789-919E-FE272273CA2E}
		{98B926CA-229A-3449-9A76-7DF27AD85F24} = {98B926CA-229A-3449-9A76-7DF27AD85F24}
		{F8318455-A696-38A5-8907-4F1FF9F0C513} = {F8318455-A696-38A5-8907-4F1FF9F0C513}
		{3EDF307D-AF3C-3298-B139-B8149AE2F141} = {3EDF307D-AF3C-3298-B139-B8149AE2F141}
		{63F007B1-78DE-302B-A747-EDC3C602197B} = {63F007B1-78DE-302B-A747-EDC3C602197B}
		{3152E7FB-5E17-38A7-91C2-DF10D28A50AC} = {3152E7FB-5E17-38A7-91C2-DF10D28A50AC}
		{6CE05277-C924-3172-A81E-D3A932FA4816} = {6CE05277-C924-3172-A81E-D3A932FA4816}
		{7DE8EA24-2AA6-3C3C-8130-788F6766B367} = {7DE8EA24-2AA6-3C3C-8130-788F6766B367}
		{885740FF-2272-35E1-804D-167BD2278B5A} = {885740FF-2272-35E1-804D-167BD2278B5A}
		{343805CB-4D34-3626-86C0-B8286482BEB4} = {343805CB-4D34-3626-86C0-B8286482BEB4}
		{2A666387-9F44-39E3-939C-4C2EB3004B02} = {2A666387-9F44-39E3-939C-4C2EB3004B02}
		{E0863CB1-5D60-3DDF-97C3-8EF9F742D74C} = {E0863CB1-5D60-3DDF-97C3-8EF9F742D74C}
		{8E1FD213-0B4D-395D-9C52-B6E5E3BC9837} = {8E1FD213-0B4D-395D-9C52-B6E5E3BC9837}
		{5D029543-4BCE-3780-B329-96920FC03C63} = {5D029543-4BCE-3780-B329-96920FC03C63}
		{8B72150C-2506-3B42-ADA5-13783EEE487C} = {8B72150C-2506-3B42-ADA5-13783EEE487C}
		{422C30C2-835E-383E-9D6A-3D4C11E3E9B8} = {422C30C2-835E-383E-9D6A-3D4C11E3E9B8}
		{DC04546D-CEB3-3782-B05E-482A8B7296CB} = {DC04546D-CEB3-3782-B05E-482A8B7296CB}
		{B356DCF9-A73A-30B8-8683-71ABAB0E1DEA} = {B356DCF9-A73A-30B8-8683-71ABAB0E1DEA}
		{56EC7FB2-DA72-313E-9FF8-9C9C6A51CB32} = {56EC7FB2-DA72-313E-9FF8-9C9C6A51CB32}
		{3D86CFA2-D907-30FC-A20A-E33FE0B7B565} = {3D86CFA2-D907-30FC-A20A-E33FE0B7B565}
	EndProjectSection
EndProject
Project("{8BC9CEB8-8B4A-11D0-8D11-00A0C91BC942}") = "Continuous", "Continuous.vcxproj", "{30B84942-FA59-39BF-A6C1-742A1ABC4CFB}"
	ProjectSection(ProjectDependencies) = postProject
		{B6FA23E7-5A89-3C6C-9A9E-F9715D245A22} = {B6FA23E7-5A89-3C6C-9A9E-F9715D245A22}
	EndProjectSection
EndProject
Project("{8BC9CEB8-8B4A-11D0-8D11-00A0C91BC942}") = "Experimental", "Experimental.vcxproj", "{7304B911-E026-3EA4-89B8-B92B0E1ED7B2}"
	ProjectSection(ProjectDependencies) = postProject
		{B6FA23E7-5A89-3C6C-9A9E-F9715D245A22} = {B6FA23E7-5A89-3C6C-9A9E-F9715D245A22}
	EndProjectSection
EndProject
Project("{8BC9CEB8-8B4A-11D0-8D11-00A0C91BC942}") = "INSTALL", "INSTALL.vcxproj", "{34B6F0B1-EC10-32AC-91EE-4A2B564B44C8}"
	ProjectSection(ProjectDependencies) = postProject
		{680AA857-5A80-3AA0-AF18-0AE0AB4D464A} = {680AA857-5A80-3AA0-AF18-0AE0AB4D464A}
		{B6FA23E7-5A89-3C6C-9A9E-F9715D245A22} = {B6FA23E7-5A89-3C6C-9A9E-F9715D245A22}
	EndProjectSection
EndProject
Project("{8BC9CEB8-8B4A-11D0-8D11-00A0C91BC942}") = "Nightly", "Nightly.vcxproj", "{1E8308F6-5C18-3E3A-89A7-B825BFCD847B}"
	ProjectSection(ProjectDependencies) = postProject
		{B6FA23E7-5A89-3C6C-9A9E-F9715D245A22} = {B6FA23E7-5A89-3C6C-9A9E-F9715D245A22}
	EndProjectSection
EndProject
Project("{8BC9CEB8-8B4A-11D0-8D11-00A0C91BC942}") = "NightlyMemoryCheck", "NightlyMemoryCheck.vcxproj", "{9E78B253-140E-3517-94F6-DF31187C54EB}"
	ProjectSection(ProjectDependencies) = postProject
		{B6FA23E7-5A89-3C6C-9A9E-F9715D245A22} = {B6FA23E7-5A89-3C6C-9A9E-F9715D245A22}
	EndProjectSection
EndProject
Project("{8BC9CEB8-8B4A-11D0-8D11-00A0C91BC942}") = "RUN_TESTS", "RUN_TESTS.vcxproj", "{B6ED4B10-7F15-346B-95BA-A7EB2CAC0046}"
	ProjectSection(ProjectDependencies) = postProject
		{B6FA23E7-5A89-3C6C-9A9E-F9715D245A22} = {B6FA23E7-5A89-3C6C-9A9E-F9715D245A22}
	EndProjectSection
EndProject
Project("{8BC9CEB8-8B4A-11D0-8D11-00A0C91BC942}") = "ZERO_CHECK", "ZERO_CHECK.vcxproj", "{B6FA23E7-5A89-3C6C-9A9E-F9715D245A22}"
EndProject
Project("{8BC9CEB8-8B4A-11D0-8D11-00A0C91BC942}") = "bench", "bench.vcxproj", "{2DD25317-2019-3A71-83B6-00943D6C9863}"
	ProjectSection(ProjectDependencies) = postProject
		{B6FA23E7-5A89-3C6C-9A9E-F9715D245A22} = {B6FA23E7-5A89-3C6C-9A9E-F9715D245A22}
		{470663DA-DB5E-3789-919E-FE272273CA2E} = {470663DA-DB5E-3789-919E-FE272273CA2E}
		{98B926CA-229A-3449-9A76-7DF27AD85F24} = {98B926CA-229A-3449-9A76-7DF27AD85F24}
	EndProjectSection
EndProject
Project("{8BC9CEB8-8B4A-11D0-8D11-00A0C91BC942}") = "bench_cascade", "bench_cascade.vcxproj", "{E9E96558-1DCA-378B-A0C9-34D3B41EA2A8}"
	ProjectSection(ProjectDependencies) = postProject
		{B6FA23E7-5A89-3C6C-9A9E-F9715D245A22} = {B6FA23E7-5A89-3C6C-9A9E-F9715D245A22}
		{470663DA-DB5E-3789-919E-FE272273CA2E} = {470663DA-DB5E-3789-919E-FE272273CA2E}
		{98B926CA-229A-3449-9A76-7DF27AD85F24} = {98B926CA-229A-3449-9A76-7DF27AD85F24}
	EndProjectSection
EndProject
Project("{8BC9CEB8-8B4A-11D0-8D11-00A0C91BC942}") = "bench_http", "bench_http.vcxproj", "{9F8247E6-CBCB-34F7-9353-31B7D47BC130}"
	ProjectSection(ProjectDependencies) = postProject
		{B6FA23E7-5A89-3C6C-9A9E-F9715D245A22} = {B6FA23E7-5A89-3C6C-9A9E-F9715D245A22}
		{470663DA-DB5E-3789-919E-FE272273CA2E} = {470663DA-DB5E-3789-919E-FE272273CA2E}
		{98B926CA-229A-3449-9A76-7DF27AD85F24} = {98B926CA-229A-3449-9A76-7DF27AD85F24}
	EndProjectSection
EndProject
Project("{8BC9CEB8-8B4A-11D0-8D11-00A0C91BC942}") = "bench_httpclient", "bench_httpclient.vcxproj", "{62776F8F-9584-3EB0-BC82-BEAFA02E4043}"
	ProjectSection(ProjectDependencies) = postProject
		{B6FA23E7-5A89-3C6C-9A9E-F9715D245A22} = {B6FA23E7-5A89-3C6C-9A9E-F9715D245A22}
		{470663DA-DB5E-3789-919E-FE272273CA2E} = {470663DA-DB5E-3789-919E-FE272273CA2E}
		{98B926CA-229A-3449-9A76-7DF27AD85F24} = {98B926CA-229A-3449-9A76-7DF27AD85F24}
	EndProjectSection
EndProject
Project("{8BC9CEB8-8B4A-11D0-8D11-00A0C91BC942}") = "dns-example", "dns-example.vcxproj", "{377C20BC-E702-3D01-BF82-216828F72F5A}"
	ProjectSection(ProjectDependencies) = postProject
		{B6FA23E7-5A89-3C6C-9A9E-F9715D245A22} = {B6FA23E7-5A89-3C6C-9A9E-F9715D245A22}
		{470663DA-DB5E-3789-919E-FE272273CA2E} = {470663DA-DB5E-3789-919E-FE272273CA2E}
		{98B926CA-229A-3449-9A76-7DF27AD85F24} = {98B926CA-229A-3449-9A76-7DF27AD85F24}
	EndProjectSection
EndProject
Project("{8BC9CEB8-8B4A-11D0-8D11-00A0C91BC942}") = "event-read-fifo", "event-read-fifo.vcxproj", "{6C4687C6-F78C-3C3E-A493-4FE86CF537CF}"
	ProjectSection(ProjectDependencies) = postProject
		{B6FA23E7-5A89-3C6C-9A9E-F9715D245A22} = {B6FA23E7-5A89-3C6C-9A9E-F9715D245A22}
		{470663DA-DB5E-3789-919E-FE272273CA2E} = {470663DA-DB5E-3789-919E-FE272273CA2E}
		{98B926CA-229A-3449-9A76-7DF27AD85F24} = {98B926CA-229A-3449-9A76-7DF27AD85F24}
	EndProjectSection
EndProject
Project("{8BC9CEB8-8B4A-11D0-8D11-00A0C91BC942}") = "event_core_shared", "event_core_shared.vcxproj", "{470663DA-DB5E-3789-919E-FE272273CA2E}"
	ProjectSection(ProjectDependencies) = postProject
		{B6FA23E7-5A89-3C6C-9A9E-F9715D245A22} = {B6FA23E7-5A89-3C6C-9A9E-F9715D245A22}
	EndProjectSection
EndProject
Project("{8BC9CEB8-8B4A-11D0-8D11-00A0C91BC942}") = "event_extra_shared", "event_extra_shared.vcxproj", "{98B926CA-229A-3449-9A76-7DF27AD85F24}"
	ProjectSection(ProjectDependencies) = postProject
		{B6FA23E7-5A89-3C6C-9A9E-F9715D245A22} = {B6FA23E7-5A89-3C6C-9A9E-F9715D245A22}
		{470663DA-DB5E-3789-919E-FE272273CA2E} = {470663DA-DB5E-3789-919E-FE272273CA2E}
	EndProjectSection
EndProject
Project("{8BC9CEB8-8B4A-11D0-8D11-00A0C91BC942}") = "event_openssl_shared", "event_openssl_shared.vcxproj", "{F8318455-A696-38A5-8907-4F1FF9F0C513}"
	ProjectSection(ProjectDependencies) = postProject
		{B6FA23E7-5A89-3C6C-9A9E-F9715D245A22} = {B6FA23E7-5A89-3C6C-9A9E-F9715D245A22}
		{470663DA-DB5E-3789-919E-FE272273CA2E} = {470663DA-DB5E-3789-919E-FE272273CA2E}
	EndProjectSection
EndProject
Project("{8BC9CEB8-8B4A-11D0-8D11-00A0C91BC942}") = "event_shared", "event_shared.vcxproj", "{3EDF307D-AF3C-3298-B139-B8149AE2F141}"
	ProjectSection(ProjectDependencies) = postProject
		{B6FA23E7-5A89-3C6C-9A9E-F9715D245A22} = {B6FA23E7-5A89-3C6C-9A9E-F9715D245A22}
	EndProjectSection
EndProject
Project("{8BC9CEB8-8B4A-11D0-8D11-00A0C91BC942}") = "hello-world", "hello-world.vcxproj", "{63F007B1-78DE-302B-A747-EDC3C602197B}"
	ProjectSection(ProjectDependencies) = postProject
		{B6FA23E7-5A89-3C6C-9A9E-F9715D245A22} = {B6FA23E7-5A89-3C6C-9A9E-F9715D245A22}
		{470663DA-DB5E-3789-919E-FE272273CA2E} = {470663DA-DB5E-3789-919E-FE272273CA2E}
		{98B926CA-229A-3449-9A76-7DF27AD85F24} = {98B926CA-229A-3449-9A76-7DF27AD85F24}
	EndProjectSection
EndProject
Project("{8BC9CEB8-8B4A-11D0-8D11-00A0C91BC942}") = "http-connect", "http-connect.vcxproj", "{3152E7FB-5E17-38A7-91C2-DF10D28A50AC}"
	ProjectSection(ProjectDependencies) = postProject
		{B6FA23E7-5A89-3C6C-9A9E-F9715D245A22} = {B6FA23E7-5A89-3C6C-9A9E-F9715D245A22}
		{470663DA-DB5E-3789-919E-FE272273CA2E} = {470663DA-DB5E-3789-919E-FE272273CA2E}
		{98B926CA-229A-3449-9A76-7DF27AD85F24} = {98B926CA-229A-3449-9A76-7DF27AD85F24}
	EndProjectSection
EndProject
Project("{8BC9CEB8-8B4A-11D0-8D11-00A0C91BC942}") = "http-server", "http-server.vcxproj", "{6CE05277-C924-3172-A81E-D3A932FA4816}"
	ProjectSection(ProjectDependencies) = postProject
		{B6FA23E7-5A89-3C6C-9A9E-F9715D245A22} = {B6FA23E7-5A89-3C6C-9A9E-F9715D245A22}
		{470663DA-DB5E-3789-919E-FE272273CA2E} = {470663DA-DB5E-3789-919E-FE272273CA2E}
		{98B926CA-229A-3449-9A76-7DF27AD85F24} = {98B926CA-229A-3449-9A76-7DF27AD85F24}
	EndProjectSection
EndProject
Project("{8BC9CEB8-8B4A-11D0-8D11-00A0C91BC942}") = "https-client", "https-client.vcxproj", "{7DE8EA24-2AA6-3C3C-8130-788F6766B367}"
	ProjectSection(ProjectDependencies) = postProject
		{B6FA23E7-5A89-3C6C-9A9E-F9715D245A22} = {B6FA23E7-5A89-3C6C-9A9E-F9715D245A22}
		{470663DA-DB5E-3789-919E-FE272273CA2E} = {470663DA-DB5E-3789-919E-FE272273CA2E}
		{98B926CA-229A-3449-9A76-7DF27AD85F24} = {98B926CA-229A-3449-9A76-7DF27AD85F24}
		{F8318455-A696-38A5-8907-4F1FF9F0C513} = {F8318455-A696-38A5-8907-4F1FF9F0C513}
	EndProjectSection
EndProject
Project("{8BC9CEB8-8B4A-11D0-8D11-00A0C91BC942}") = "le-proxy", "le-proxy.vcxproj", "{885740FF-2272-35E1-804D-167BD2278B5A}"
	ProjectSection(ProjectDependencies) = postProject
		{B6FA23E7-5A89-3C6C-9A9E-F9715D245A22} = {B6FA23E7-5A89-3C6C-9A9E-F9715D245A22}
		{470663DA-DB5E-3789-919E-FE272273CA2E} = {470663DA-DB5E-3789-919E-FE272273CA2E}
		{98B926CA-229A-3449-9A76-7DF27AD85F24} = {98B926CA-229A-3449-9A76-7DF27AD85F24}
		{F8318455-A696-38A5-8907-4F1FF9F0C513} = {F8318455-A696-38A5-8907-4F1FF9F0C513}
	EndProjectSection
EndProject
Project("{8BC9CEB8-8B4A-11D0-8D11-00A0C91BC942}") = "regress", "regress.vcxproj", "{343805CB-4D34-3626-86C0-B8286482BEB4}"
	ProjectSection(ProjectDependencies) = postProject
		{B6FA23E7-5A89-3C6C-9A9E-F9715D245A22} = {B6FA23E7-5A89-3C6C-9A9E-F9715D245A22}
		{470663DA-DB5E-3789-919E-FE272273CA2E} = {470663DA-DB5E-3789-919E-FE272273CA2E}
		{98B926CA-229A-3449-9A76-7DF27AD85F24} = {98B926CA-229A-3449-9A76-7DF27AD85F24}
		{F8318455-A696-38A5-8907-4F1FF9F0C513} = {F8318455-A696-38A5-8907-4F1FF9F0C513}
	EndProjectSection
EndProject
Project("{8BC9CEB8-8B4A-11D0-8D11-00A0C91BC942}") = "signal-test", "signal-test.vcxproj", "{2A666387-9F44-39E3-939C-4C2EB3004B02}"
	ProjectSection(ProjectDependencies) = postProject
		{B6FA23E7-5A89-3C6C-9A9E-F9715D245A22} = {B6FA23E7-5A89-3C6C-9A9E-F9715D245A22}
		{470663DA-DB5E-3789-919E-FE272273CA2E} = {470663DA-DB5E-3789-919E-FE272273CA2E}
		{98B926CA-229A-3449-9A76-7DF27AD85F24} = {98B926CA-229A-3449-9A76-7DF27AD85F24}
	EndProjectSection
EndProject
Project("{8BC9CEB8-8B4A-11D0-8D11-00A0C91BC942}") = "verify", "verify.vcxproj", "{3ED499D6-F66E-3D09-9238-4A73DEB7B777}"
	ProjectSection(ProjectDependencies) = postProject
		{B6FA23E7-5A89-3C6C-9A9E-F9715D245A22} = {B6FA23E7-5A89-3C6C-9A9E-F9715D245A22}
		{343805CB-4D34-3626-86C0-B8286482BEB4} = {343805CB-4D34-3626-86C0-B8286482BEB4}
		{E0863CB1-5D60-3DDF-97C3-8EF9F742D74C} = {E0863CB1-5D60-3DDF-97C3-8EF9F742D74C}
		{8E1FD213-0B4D-395D-9C52-B6E5E3BC9837} = {8E1FD213-0B4D-395D-9C52-B6E5E3BC9837}
		{5D029543-4BCE-3780-B329-96920FC03C63} = {5D029543-4BCE-3780-B329-96920FC03C63}
		{8B72150C-2506-3B42-ADA5-13783EEE487C} = {8B72150C-2506-3B42-ADA5-13783EEE487C}
		{422C30C2-835E-383E-9D6A-3D4C11E3E9B8} = {422C30C2-835E-383E-9D6A-3D4C11E3E9B8}
		{DC04546D-CEB3-3782-B05E-482A8B7296CB} = {DC04546D-CEB3-3782-B05E-482A8B7296CB}
		{B356DCF9-A73A-30B8-8683-71ABAB0E1DEA} = {B356DCF9-A73A-30B8-8683-71ABAB0E1DEA}
		{56EC7FB2-DA72-313E-9FF8-9C9C6A51CB32} = {56EC7FB2-DA72-313E-9FF8-9C9C6A51CB32}
	EndProjectSection
EndProject
Project("{8BC9CEB8-8B4A-11D0-8D11-00A0C91BC942}") = "test-init", "test-init.vcxproj", "{422C30C2-835E-383E-9D6A-3D4C11E3E9B8}"
EndProject
Project("{8BC9CEB8-8B4A-11D0-8D11-00A0C91BC942}") = "test-changelist", "test-changelist.vcxproj", "{E0863CB1-5D60-3DDF-97C3-8EF9F742D74C}"
EndProject
Project("{8BC9CEB8-8B4A-11D0-8D11-00A0C91BC942}") = "test-dumpevents", "test-dumpevents.vcxproj", "{8E1FD213-0B4D-395D-9C52-B6E5E3BC9837}"
EndProject
Project("{8BC9CEB8-8B4A-11D0-8D11-00A0C91BC942}") = "test-eof", "test-eof.vcxproj", "{5D029543-4BCE-3780-B329-96920FC03C63}"
EndProject
Project("{8BC9CEB8-8B4A-11D0-8D11-00A0C91BC942}") = "test-fdleak", "test-fdleak.vcxproj", "{8B72150C-2506-3B42-ADA5-13783EEE487C}"
EndProject
Project("{8BC9CEB8-8B4A-11D0-8D11-00A0C91BC942}") = "test-ratelim", "test-ratelim.vcxproj", "{DC04546D-CEB3-3782-B05E-482A8B7296CB}"
EndProject
Project("{8BC9CEB8-8B4A-11D0-8D11-00A0C91BC942}") = "test-time", "test-time.vcxproj", "{B356DCF9-A73A-30B8-8683-71ABAB0E1DEA}"
EndProject
Project("{8BC9CEB8-8B4A-11D0-8D11-00A0C91BC942}") = "test-weof", "test-weof.vcxproj", "{56EC7FB2-DA72-313E-9FF8-9C9C6A51CB32}"
EndProject
Project("{8BC9CEB8-8B4A-11D0-8D11-00A0C91BC942}") = "time-test", "time-test.vcxproj", "{3D86CFA2-D907-30FC-A20A-E33FE0B7B565}"
EndProject
Global
	GlobalSection(SolutionConfigurationPlatforms) = preSolution
		Debug|Win32 = Debug|Win32
		Release|Win32 = Release|Win32
	EndGlobalSection
	GlobalSection(ProjectConfigurationPlatforms) = postSolution
		{680AA857-5A80-3AA0-AF18-0AE0AB4D464A}.Debug|Win32.ActiveCfg = Debug|Win32
		{680AA857-5A80-3AA0-AF18-0AE0AB4D464A}.Debug|Win32.Build.0 = Debug|Win32
		{680AA857-5A80-3AA0-AF18-0AE0AB4D464A}.Release|Win32.ActiveCfg = Release|Win32
		{680AA857-5A80-3AA0-AF18-0AE0AB4D464A}.Release|Win32.Build.0 = Release|Win32
		{30B84942-FA59-39BF-A6C1-742A1ABC4CFB}.Debug|Win32.ActiveCfg = Debug|Win32
		{30B84942-FA59-39BF-A6C1-742A1ABC4CFB}.Release|Win32.ActiveCfg = Release|Win32
		{7304B911-E026-3EA4-89B8-B92B0E1ED7B2}.Debug|Win32.ActiveCfg = Debug|Win32
		{7304B911-E026-3EA4-89B8-B92B0E1ED7B2}.Release|Win32.ActiveCfg = Release|Win32
		{34B6F0B1-EC10-32AC-91EE-4A2B564B44C8}.Debug|Win32.ActiveCfg = Debug|Win32
		{34B6F0B1-EC10-32AC-91EE-4A2B564B44C8}.Release|Win32.ActiveCfg = Release|Win32
		{1E8308F6-5C18-3E3A-89A7-B825BFCD847B}.Debug|Win32.ActiveCfg = Debug|Win32
		{1E8308F6-5C18-3E3A-89A7-B825BFCD847B}.Release|Win32.ActiveCfg = Release|Win32
		{9E78B253-140E-3517-94F6-DF31187C54EB}.Debug|Win32.ActiveCfg = Debug|Win32
		{9E78B253-140E-3517-94F6-DF31187C54EB}.Release|Win32.ActiveCfg = Release|Win32
		{B6ED4B10-7F15-346B-95BA-A7EB2CAC0046}.Debug|Win32.ActiveCfg = Debug|Win32
		{B6ED4B10-7F15-346B-95BA-A7EB2CAC0046}.Release|Win32.ActiveCfg = Release|Win32
		{B6FA23E7-5A89-3C6C-9A9E-F9715D245A22}.Debug|Win32.ActiveCfg = Debug|Win32
		{B6FA23E7-5A89-3C6C-9A9E-F9715D245A22}.Debug|Win32.Build.0 = Debug|Win32
		{B6FA23E7-5A89-3C6C-9A9E-F9715D245A22}.Release|Win32.ActiveCfg = Release|Win32
		{B6FA23E7-5A89-3C6C-9A9E-F9715D245A22}.Release|Win32.Build.0 = Release|Win32
		{2DD25317-2019-3A71-83B6-00943D6C9863}.Debug|Win32.ActiveCfg = Debug|Win32
		{2DD25317-2019-3A71-83B6-00943D6C9863}.Debug|Win32.Build.0 = Debug|Win32
		{2DD25317-2019-3A71-83B6-00943D6C9863}.Release|Win32.ActiveCfg = Release|Win32
		{2DD25317-2019-3A71-83B6-00943D6C9863}.Release|Win32.Build.0 = Release|Win32
		{E9E96558-1DCA-378B-A0C9-34D3B41EA2A8}.Debug|Win32.ActiveCfg = Debug|Win32
		{E9E96558-1DCA-378B-A0C9-34D3B41EA2A8}.Debug|Win32.Build.0 = Debug|Win32
		{E9E96558-1DCA-378B-A0C9-34D3B41EA2A8}.Release|Win32.ActiveCfg = Release|Win32
		{E9E96558-1DCA-378B-A0C9-34D3B41EA2A8}.Release|Win32.Build.0 = Release|Win32
		{9F8247E6-CBCB-34F7-9353-31B7D47BC130}.Debug|Win32.ActiveCfg = Debug|Win32
		{9F8247E6-CBCB-34F7-9353-31B7D47BC130}.Debug|Win32.Build.0 = Debug|Win32
		{9F8247E6-CBCB-34F7-9353-31B7D47BC130}.Release|Win32.ActiveCfg = Release|Win32
		{9F8247E6-CBCB-34F7-9353-31B7D47BC130}.Release|Win32.Build.0 = Release|Win32
		{62776F8F-9584-3EB0-BC82-BEAFA02E4043}.Debug|Win32.ActiveCfg = Debug|Win32
		{62776F8F-9584-3EB0-BC82-BEAFA02E4043}.Debug|Win32.Build.0 = Debug|Win32
		{62776F8F-9584-3EB0-BC82-BEAFA02E4043}.Release|Win32.ActiveCfg = Release|Win32
		{62776F8F-9584-3EB0-BC82-BEAFA02E4043}.Release|Win32.Build.0 = Release|Win32
		{377C20BC-E702-3D01-BF82-216828F72F5A}.Debug|Win32.ActiveCfg = Debug|Win32
		{377C20BC-E702-3D01-BF82-216828F72F5A}.Debug|Win32.Build.0 = Debug|Win32
		{377C20BC-E702-3D01-BF82-216828F72F5A}.Release|Win32.ActiveCfg = Release|Win32
		{377C20BC-E702-3D01-BF82-216828F72F5A}.Release|Win32.Build.0 = Release|Win32
		{6C4687C6-F78C-3C3E-A493-4FE86CF537CF}.Debug|Win32.ActiveCfg = Debug|Win32
		{6C4687C6-F78C-3C3E-A493-4FE86CF537CF}.Debug|Win32.Build.0 = Debug|Win32
		{6C4687C6-F78C-3C3E-A493-4FE86CF537CF}.Release|Win32.ActiveCfg = Release|Win32
		{6C4687C6-F78C-3C3E-A493-4FE86CF537CF}.Release|Win32.Build.0 = Release|Win32
		{470663DA-DB5E-3789-919E-FE272273CA2E}.Debug|Win32.ActiveCfg = Debug|Win32
		{470663DA-DB5E-3789-919E-FE272273CA2E}.Debug|Win32.Build.0 = Debug|Win32
		{470663DA-DB5E-3789-919E-FE272273CA2E}.Release|Win32.ActiveCfg = Release|Win32
		{470663DA-DB5E-3789-919E-FE272273CA2E}.Release|Win32.Build.0 = Release|Win32
		{98B926CA-229A-3449-9A76-7DF27AD85F24}.Debug|Win32.ActiveCfg = Debug|Win32
		{98B926CA-229A-3449-9A76-7DF27AD85F24}.Debug|Win32.Build.0 = Debug|Win32
		{98B926CA-229A-3449-9A76-7DF27AD85F24}.Release|Win32.ActiveCfg = Release|Win32
		{98B926CA-229A-3449-9A76-7DF27AD85F24}.Release|Win32.Build.0 = Release|Win32
		{F8318455-A696-38A5-8907-4F1FF9F0C513}.Debug|Win32.ActiveCfg = Debug|Win32
		{F8318455-A696-38A5-8907-4F1FF9F0C513}.Debug|Win32.Build.0 = Debug|Win32
		{F8318455-A696-38A5-8907-4F1FF9F0C513}.Release|Win32.ActiveCfg = Release|Win32
		{F8318455-A696-38A5-8907-4F1FF9F0C513}.Release|Win32.Build.0 = Release|Win32
		{3EDF307D-AF3C-3298-B139-B8149AE2F141}.Debug|Win32.ActiveCfg = Debug|Win32
		{3EDF307D-AF3C-3298-B139-B8149AE2F141}.Debug|Win32.Build.0 = Debug|Win32
		{3EDF307D-AF3C-3298-B139-B8149AE2F141}.Release|Win32.ActiveCfg = Release|Win32
		{3EDF307D-AF3C-3298-B139-B8149AE2F141}.Release|Win32.Build.0 = Release|Win32
		{63F007B1-78DE-302B-A747-EDC3C602197B}.Debug|Win32.ActiveCfg = Debug|Win32
		{63F007B1-78DE-302B-A747-EDC3C602197B}.Debug|Win32.Build.0 = Debug|Win32
		{63F007B1-78DE-302B-A747-EDC3C602197B}.Release|Win32.ActiveCfg = Release|Win32
		{63F007B1-78DE-302B-A747-EDC3C602197B}.Release|Win32.Build.0 = Release|Win32
		{3152E7FB-5E17-38A7-91C2-DF10D28A50AC}.Debug|Win32.ActiveCfg = Debug|Win32
		{3152E7FB-5E17-38A7-91C2-DF10D28A50AC}.Debug|Win32.Build.0 = Debug|Win32
		{3152E7FB-5E17-38A7-91C2-DF10D28A50AC}.Release|Win32.ActiveCfg = Release|Win32
		{3152E7FB-5E17-38A7-91C2-DF10D28A50AC}.Release|Win32.Build.0 = Release|Win32
		{6CE05277-C924-3172-A81E-D3A932FA4816}.Debug|Win32.ActiveCfg = Debug|Win32
		{6CE05277-C924-3172-A81E-D3A932FA4816}.Debug|Win32.Build.0 = Debug|Win32
		{6CE05277-C924-3172-A81E-D3A932FA4816}.Release|Win32.ActiveCfg = Release|Win32
		{6CE05277-C924-3172-A81E-D3A932FA4816}.Release|Win32.Build.0 = Release|Win32
		{7DE8EA24-2AA6-3C3C-8130-788F6766B367}.Debug|Win32.ActiveCfg = Debug|Win32
		{7DE8EA24-2AA6-3C3C-8130-788F6766B367}.Debug|Win32.Build.0 = Debug|Win32
		{7DE8EA24-2AA6-3C3C-8130-788F6766B367}.Release|Win32.ActiveCfg = Release|Win32
		{7DE8EA24-2AA6-3C3C-8130-788F6766B367}.Release|Win32.Build.0 = Release|Win32
		{885740FF-2272-35E1-804D-167BD2278B5A}.Debug|Win32.ActiveCfg = Debug|Win32
		{885740FF-2272-35E1-804D-167BD2278B5A}.Debug|Win32.Build.0 = Debug|Win32
		{885740FF-2272-35E1-804D-167BD2278B5A}.Release|Win32.ActiveCfg = Release|Win32
		{885740FF-2272-35E1-804D-167BD2278B5A}.Release|Win32.Build.0 = Release|Win32
		{343805CB-4D34-3626-86C0-B8286482BEB4}.Debug|Win32.ActiveCfg = Debug|Win32
		{343805CB-4D34-3626-86C0-B8286482BEB4}.Debug|Win32.Build.0 = Debug|Win32
		{343805CB-4D34-3626-86C0-B8286482BEB4}.Release|Win32.ActiveCfg = Release|Win32
		{343805CB-4D34-3626-86C0-B8286482BEB4}.Release|Win32.Build.0 = Release|Win32
		{2A666387-9F44-39E3-939C-4C2EB3004B02}.Debug|Win32.ActiveCfg = Debug|Win32
		{2A666387-9F44-39E3-939C-4C2EB3004B02}.Debug|Win32.Build.0 = Debug|Win32
		{2A666387-9F44-39E3-939C-4C2EB3004B02}.Release|Win32.ActiveCfg = Release|Win32
		{2A666387-9F44-39E3-939C-4C2EB3004B02}.Release|Win32.Build.0 = Release|Win32
		{3ED499D6-F66E-3D09-9238-4A73DEB7B777}.Debug|Win32.ActiveCfg = Debug|Win32
		{3ED499D6-F66E-3D09-9238-4A73DEB7B777}.Release|Win32.ActiveCfg = Release|Win32
		{422C30C2-835E-383E-9D6A-3D4C11E3E9B8}.Debug|Win32.ActiveCfg = Debug|Win32
		{422C30C2-835E-383E-9D6A-3D4C11E3E9B8}.Debug|Win32.Build.0 = Debug|Win32
		{422C30C2-835E-383E-9D6A-3D4C11E3E9B8}.Release|Win32.ActiveCfg = Release|Win32
		{422C30C2-835E-383E-9D6A-3D4C11E3E9B8}.Release|Win32.Build.0 = Release|Win32
		{E0863CB1-5D60-3DDF-97C3-8EF9F742D74C}.Debug|Win32.ActiveCfg = Debug|Win32
		{E0863CB1-5D60-3DDF-97C3-8EF9F742D74C}.Debug|Win32.Build.0 = Debug|Win32
		{E0863CB1-5D60-3DDF-97C3-8EF9F742D74C}.Release|Win32.ActiveCfg = Release|Win32
		{E0863CB1-5D60-3DDF-97C3-8EF9F742D74C}.Release|Win32.Build.0 = Release|Win32
		{8E1FD213-0B4D-395D-9C52-B6E5E3BC9837}.Debug|Win32.ActiveCfg = Debug|Win32
		{8E1FD213-0B4D-395D-9C52-B6E5E3BC9837}.Debug|Win32.Build.0 = Debug|Win32
		{8E1FD213-0B4D-395D-9C52-B6E5E3BC9837}.Release|Win32.ActiveCfg = Release|Win32
		{8E1FD213-0B4D-395D-9C52-B6E5E3BC9837}.Release|Win32.Build.0 = Release|Win32
		{5D029543-4BCE-3780-B329-96920FC03C63}.Debug|Win32.ActiveCfg = Debug|Win32
		{5D029543-4BCE-3780-B329-96920FC03C63}.Debug|Win32.Build.0 = Debug|Win32
		{5D029543-4BCE-3780-B329-96920FC03C63}.Release|Win32.ActiveCfg = Release|Win32
		{5D029543-4BCE-3780-B329-96920FC03C63}.Release|Win32.Build.0 = Release|Win32
		{8B72150C-2506-3B42-ADA5-13783EEE487C}.Debug|Win32.ActiveCfg = Debug|Win32
		{8B72150C-2506-3B42-ADA5-13783EEE487C}.Debug|Win32.Build.0 = Debug|Win32
		{8B72150C-2506-3B42-ADA5-13783EEE487C}.Release|Win32.ActiveCfg = Release|Win32
		{8B72150C-2506-3B42-ADA5-13783EEE487C}.Release|Win32.Build.0 = Release|Win32
		{DC04546D-CEB3-3782-B05E-482A8B7296CB}.Debug|Win32.ActiveCfg = Debug|Win32
		{DC04546D-CEB3-3782-B05E-482A8B7296CB}.Debug|Win32.Build.0 = Debug|Win32
		{DC04546D-CEB3-3782-B05E-482A8B7296CB}.Release|Win32.ActiveCfg = Release|Win32
		{DC04546D-CEB3-3782-B05E-482A8B7296CB}.Release|Win32.Build.0 = Release|Win32
		{B356DCF9-A73A-30B8-8683-71ABAB0E1DEA}.Debug|Win32.ActiveCfg = Debug|Win32
		{B356DCF9-A73A-30B8-8683-71ABAB0E1DEA}.Debug|Win32.Build.0 = Debug|Win32
		{B356DCF9-A73A-30B8-8683-71ABAB0E1DEA}.Release|Win32.ActiveCfg = Release|Win32
		{B356DCF9-A73A-30B8-8683-71ABAB0E1DEA}.Release|Win32.Build.0 = Release|Win32
		{56EC7FB2-DA72-313E-9FF8-9C9C6A51CB32}.Debug|Win32.ActiveCfg = Debug|Win32
		{56EC7FB2-DA72-313E-9FF8-9C9C6A51CB32}.Debug|Win32.Build.0 = Debug|Win32
		{56EC7FB2-DA72-313E-9FF8-9C9C6A51CB32}.Release|Win32.ActiveCfg = Release|Win32
		{56EC7FB2-DA72-313E-9FF8-9C9C6A51CB32}.Release|Win32.Build.0 = Release|Win32
		{3D86CFA2-D907-30FC-A20A-E33FE0B7B565}.Debug|Win32.ActiveCfg = Debug|Win32
		{3D86CFA2-D907-30FC-A20A-E33FE0B7B565}.Debug|Win32.Build.0 = Debug|Win32
		{3D86CFA2-D907-30FC-A20A-E33FE0B7B565}.Release|Win32.ActiveCfg = Release|Win32
		{3D86CFA2-D907-30FC-A20A-E33FE0B7B565}.Release|Win32.Build.0 = Release|Win32
	EndGlobalSection
	GlobalSection(SolutionProperties) = preSolution
		HideSolutionNode = FALSE
	EndGlobalSection
	GlobalSection(ExtensibilityGlobals) = postSolution
		SolutionGuid = {0B07F113-6A64-3D4D-A60B-28B34CF4AB46}
	EndGlobalSection
EndGlobal
