<?xml version="1.0" encoding="utf-8"?>
<Project ToolsVersion="4.0" xmlns="http://schemas.microsoft.com/developer/msbuild/2003">
  <ItemGroup>
    <ClCompile Include="..\test\regress.c">
      <Filter>Source Files</Filter>
    </ClCompile>
    <ClCompile Include="..\test\regress.gen.c">
      <Filter>Source Files</Filter>
    </ClCompile>
    <ClCompile Include="..\test\regress_buffer.c">
      <Filter>Source Files</Filter>
    </ClCompile>
    <ClCompile Include="..\test\regress_bufferevent.c">
      <Filter>Source Files</Filter>
    </ClCompile>
    <ClCompile Include="..\test\regress_dns.c">
      <Filter>Source Files</Filter>
    </ClCompile>
    <ClCompile Include="..\test\regress_et.c">
      <Filter>Source Files</Filter>
    </ClCompile>
    <ClCompile Include="..\test\regress_finalize.c">
      <Filter>Source Files</Filter>
    </ClCompile>
    <ClCompile Include="..\test\regress_http.c">
      <Filter>Source Files</Filter>
    </ClCompile>
    <ClCompile Include="..\test\regress_listener.c">
      <Filter>Source Files</Filter>
    </ClCompile>
    <ClCompile Include="..\test\regress_main.c">
      <Filter>Source Files</Filter>
    </ClCompile>
    <ClCompile Include="..\test\regress_minheap.c">
      <Filter>Source Files</Filter>
    </ClCompile>
    <ClCompile Include="..\test\regress_rpc.c">
      <Filter>Source Files</Filter>
    </ClCompile>
    <ClCompile Include="..\test\regress_testutils.c">
      <Filter>Source Files</Filter>
    </ClCompile>
    <ClCompile Include="..\test\regress_util.c">
      <Filter>Source Files</Filter>
    </ClCompile>
    <ClCompile Include="..\test\tinytest.c">
      <Filter>Source Files</Filter>
    </ClCompile>
    <ClCompile Include="..\test\regress_iocp.c">
      <Filter>Source Files</Filter>
    </ClCompile>
    <ClCompile Include="..\test\regress_thread.c">
      <Filter>Source Files</Filter>
    </ClCompile>
    <ClCompile Include="..\test\regress_ssl.c">
      <Filter>Source Files</Filter>
    </ClCompile>
  </ItemGroup>
  <ItemGroup>
    <ClInclude Include="..\test\regress.gen.h">
      <Filter>Header Files</Filter>
    </ClInclude>
    <ClInclude Include="..\test\regress_testutils.h">
      <Filter>Header Files</Filter>
    </ClInclude>
  </ItemGroup>
  <ItemGroup>
    <CustomBuild Include="CMakeFiles\702fbcc702f60b249b1105a3de9c93a3\regress.gen.c.rule">
      <Filter>CMake Rules</Filter>
    </CustomBuild>
    <CustomBuild Include="..\CMakeLists.txt" />
  </ItemGroup>
  <ItemGroup>
    <Filter Include="CMake Rules">
      <UniqueIdentifier>{A416C920-CD63-358E-BCBC-F98EDE7C049B}</UniqueIdentifier>
    </Filter>
    <Filter Include="Header Files">
      <UniqueIdentifier>{D2A50B29-572D-348F-8697-F726CBDFFC64}</UniqueIdentifier>
    </Filter>
    <Filter Include="Source Files">
      <UniqueIdentifier>{3BE35FE0-10F0-33C8-ACB0-37975ED157F6}</UniqueIdentifier>
    </Filter>
  </ItemGroup>
</Project>
